# THIS IS AN AUTOGENERATED FILE. DO NOT EDIT THIS FILE DIRECTLY.
# yarn lockfile v1


"@biomejs/biome@2.1.4":
  version "2.1.4"
  resolved "https://registry.yarnpkg.com/@biomejs/biome/-/biome-2.1.4.tgz#47a5d4a686ffafc7c2082feeeb09978ba95eb8dd"
  integrity sha512-QWlrqyxsU0FCebuMnkvBIkxvPqH89afiJzjMl+z67ybutse590jgeaFdDurE9XYtzpjRGTI1tlUZPGWmbKsElA==
  optionalDependencies:
    "@biomejs/cli-darwin-arm64" "2.1.4"
    "@biomejs/cli-darwin-x64" "2.1.4"
    "@biomejs/cli-linux-arm64" "2.1.4"
    "@biomejs/cli-linux-arm64-musl" "2.1.4"
    "@biomejs/cli-linux-x64" "2.1.4"
    "@biomejs/cli-linux-x64-musl" "2.1.4"
    "@biomejs/cli-win32-arm64" "2.1.4"
    "@biomejs/cli-win32-x64" "2.1.4"

"@biomejs/cli-darwin-arm64@2.1.4":
  version "2.1.4"
  resolved "https://registry.yarnpkg.com/@biomejs/cli-darwin-arm64/-/cli-darwin-arm64-2.1.4.tgz#49248775aeb930aaf58d252631e7bfb1c1e95242"
  integrity sha512-sCrNENE74I9MV090Wq/9Dg7EhPudx3+5OiSoQOkIe3DLPzFARuL1dOwCWhKCpA3I5RHmbrsbNSRfZwCabwd8Qg==

"@biomejs/cli-darwin-x64@2.1.4":
  version "2.1.4"
  resolved "https://registry.yarnpkg.com/@biomejs/cli-darwin-x64/-/cli-darwin-x64-2.1.4.tgz#45b27d37c669a1c33fc51c7bb34e027b8a0165ec"
  integrity sha512-gOEICJbTCy6iruBywBDcG4X5rHMbqCPs3clh3UQ+hRKlgvJTk4NHWQAyHOXvaLe+AxD1/TNX1jbZeffBJzcrOw==

"@biomejs/cli-linux-arm64-musl@2.1.4":
  version "2.1.4"
  resolved "https://registry.yarnpkg.com/@biomejs/cli-linux-arm64-musl/-/cli-linux-arm64-musl-2.1.4.tgz#42713bb97fd6bec792dd2ce550b21f51cf9dddcd"
  integrity sha512-nYr7H0CyAJPaLupFE2cH16KZmRC5Z9PEftiA2vWxk+CsFkPZQ6dBRdcC6RuS+zJlPc/JOd8xw3uCCt9Pv41WvQ==

"@biomejs/cli-linux-arm64@2.1.4":
  version "2.1.4"
  resolved "https://registry.yarnpkg.com/@biomejs/cli-linux-arm64/-/cli-linux-arm64-2.1.4.tgz#3e7dbba720f0770b09963efd1ee41cbe549cadce"
  integrity sha512-juhEkdkKR4nbUi5k/KRp1ocGPNWLgFRD4NrHZSveYrD6i98pyvuzmS9yFYgOZa5JhaVqo0HPnci0+YuzSwT2fw==

"@biomejs/cli-linux-x64-musl@2.1.4":
  version "2.1.4"
  resolved "https://registry.yarnpkg.com/@biomejs/cli-linux-x64-musl/-/cli-linux-x64-musl-2.1.4.tgz#a69a816466fc6dd12cfe49326939dffc387247cb"
  integrity sha512-lvwvb2SQQHctHUKvBKptR6PLFCM7JfRjpCCrDaTmvB7EeZ5/dQJPhTYBf36BE/B4CRWR2ZiBLRYhK7hhXBCZAg==

"@biomejs/cli-linux-x64@2.1.4":
  version "2.1.4"
  resolved "https://registry.yarnpkg.com/@biomejs/cli-linux-x64/-/cli-linux-x64-2.1.4.tgz#2af8d21603c7dc7147163fb3e6aad83224afd9e0"
  integrity sha512-Eoy9ycbhpJVYuR+LskV9s3uyaIkp89+qqgqhGQsWnp/I02Uqg2fXFblHJOpGZR8AxdB9ADy87oFVxn9MpFKUrw==

"@biomejs/cli-win32-arm64@2.1.4":
  version "2.1.4"
  resolved "https://registry.yarnpkg.com/@biomejs/cli-win32-arm64/-/cli-win32-arm64-2.1.4.tgz#e7c28276fbe3ea3f172ea4ea177caeb0e3997aec"
  integrity sha512-3WRYte7orvyi6TRfIZkDN9Jzoogbv+gSvR+b9VOXUg1We1XrjBg6WljADeVEaKTvOcpVdH0a90TwyOQ6ue4fGw==

"@biomejs/cli-win32-x64@2.1.4":
  version "2.1.4"
  resolved "https://registry.yarnpkg.com/@biomejs/cli-win32-x64/-/cli-win32-x64-2.1.4.tgz#d85975098cf17c7f966b22106d3684c6fb2c7c46"
  integrity sha512-tBc+W7anBPSFXGAoQW+f/+svkpt8/uXfRwDzN1DvnatkRMt16KIYpEi/iw8u9GahJlFv98kgHcIrSsZHZTR0sw==

react@^19.1.1:
  version "19.1.1"
  resolved "https://registry.yarnpkg.com/react/-/react-19.1.1.tgz#06d9149ec5e083a67f9a1e39ce97b06a03b644af"
  integrity sha512-w8nqGImo45dmMIfljjMwOGtbmC/mk4CMYhWIicdSflH91J9TyCyczcPFXJzrZ/ZXcgGRFeP6BU0BEJTw6tZdfQ==
